
Microsoft Visual Studio Solution File, Format Version 12.00
# Visual Studio Version 17
VisualStudioVersion = 17.5.33530.505
MinimumVisualStudioVersion = 10.0.40219.1
Project("{FAE04EC0-301F-11D3-BF4B-00C04F79EFBC}") = "PersonalStudyProject", "PersonalStudyProject\PersonalStudyProject.csproj", "{63A70B76-4309-4066-9E1A-B43EEFD50475}"
EndProject
Global
	GlobalSection(SolutionConfigurationPlatforms) = preSolution
		Debug|Any CPU = Debug|Any CPU
		Release|Any CPU = Release|Any CPU
	EndGlobalSection
	GlobalSection(ProjectConfigurationPlatforms) = postSolution
		{63A70B76-4309-4066-9E1A-B43EEFD50475}.Debug|Any CPU.ActiveCfg = Debug|Any CPU
		{63A70B76-4309-4066-9E1A-B43EEFD50475}.Debug|Any CPU.Build.0 = Debug|Any CPU
		{63A70B76-4309-4066-9E1A-B43EEFD50475}.Release|Any CPU.ActiveCfg = Release|Any CPU
		{63A70B76-4309-4066-9E1A-B43EEFD50475}.Release|Any CPU.Build.0 = Release|Any CPU
	EndGlobalSection
	GlobalSection(SolutionProperties) = preSolution
		HideSolutionNode = FALSE
	EndGlobalSection
	GlobalSection(ExtensibilityGlobals) = postSolution
		SolutionGuid = {D253EDEB-3459-4CE6-B8C5-051665D9044A}
	EndGlobalSection
EndGlobal
