
Microsoft Visual Studio Solution File, Format Version 12.00
# Visual Studio Version 17
VisualStudioVersion = 17.5.33530.505
MinimumVisualStudioVersion = 10.0.40219.1
Project("{FAE04EC0-301F-11D3-BF4B-00C04F79EFBC}") = "Com2usProject", "Com2usProject.csproj", "{3C2D8E0C-BD4D-479C-B025-13CFCB287A84}"
EndProject
Global
	GlobalSection(SolutionConfigurationPlatforms) = preSolution
		Debug|Any CPU = Debug|Any CPU
		Release|Any CPU = Release|Any CPU
	EndGlobalSection
	GlobalSection(ProjectConfigurationPlatforms) = postSolution
		{3C2D8E0C-BD4D-479C-B025-13CFCB287A84}.Debug|Any CPU.ActiveCfg = Debug|Any CPU
		{3C2D8E0C-BD4D-479C-B025-13CFCB287A84}.Debug|Any CPU.Build.0 = Debug|Any CPU
		{3C2D8E0C-BD4D-479C-B025-13CFCB287A84}.Release|Any CPU.ActiveCfg = Release|Any CPU
		{3C2D8E0C-BD4D-479C-B025-13CFCB287A84}.Release|Any CPU.Build.0 = Release|Any CPU
	EndGlobalSection
	GlobalSection(SolutionProperties) = preSolution
		HideSolutionNode = FALSE
	EndGlobalSection
	GlobalSection(ExtensibilityGlobals) = postSolution
		SolutionGuid = {EE743BF1-AC20-43FC-AFD4-66F600E1756E}
	EndGlobalSection
EndGlobal
